
Microsoft Visual Studio Solution File, Format Version 12.00
# Visual Studio Version 16
VisualStudioVersion = 16.0.30717.126
MinimumVisualStudioVersion = 10.0.40219.1
Project("{9A19103F-16F7-4668-BE54-9A1E7A4F7556}") = "PetHRM", "PetHRM\PetHRM.csproj", "{DC765CFC-334F-4F44-8D3B-5A50DC6FFA95}"
EndProject
Project("{FAE04EC0-301F-11D3-BF4B-00C04F79EFBC}") = "PetHRM.Services", "PetHRM.Services\PetHRM.Services.csproj", "{DC3A1AC7-8D5F-413B-BE14-9076C71800AE}"
EndProject
Project("{FAE04EC0-301F-11D3-BF4B-00C04F79EFBC}") = "PetHRM.Repository", "PetHRM.Repository\PetHRM.Repository.csproj", "{9357A946-5829-4C0F-BA7E-1530C12DE054}"
EndProject
Global
	GlobalSection(SolutionConfigurationPlatforms) = preSolution
		Debug|Any CPU = Debug|Any CPU
		Release|Any CPU = Release|Any CPU
	EndGlobalSection
	GlobalSection(ProjectConfigurationPlatforms) = postSolution
		{DC765CFC-334F-4F44-8D3B-5A50DC6FFA95}.Debug|Any CPU.ActiveCfg = Debug|Any CPU
		{DC765CFC-334F-4F44-8D3B-5A50DC6FFA95}.Debug|Any CPU.Build.0 = Debug|Any CPU
		{DC765CFC-334F-4F44-8D3B-5A50DC6FFA95}.Release|Any CPU.ActiveCfg = Release|Any CPU
		{DC765CFC-334F-4F44-8D3B-5A50DC6FFA95}.Release|Any CPU.Build.0 = Release|Any CPU
		{DC3A1AC7-8D5F-413B-BE14-9076C71800AE}.Debug|Any CPU.ActiveCfg = Debug|Any CPU
		{DC3A1AC7-8D5F-413B-BE14-9076C71800AE}.Debug|Any CPU.Build.0 = Debug|Any CPU
		{DC3A1AC7-8D5F-413B-BE14-9076C71800AE}.Release|Any CPU.ActiveCfg = Release|Any CPU
		{DC3A1AC7-8D5F-413B-BE14-9076C71800AE}.Release|Any CPU.Build.0 = Release|Any CPU
		{9357A946-5829-4C0F-BA7E-1530C12DE054}.Debug|Any CPU.ActiveCfg = Debug|Any CPU
		{9357A946-5829-4C0F-BA7E-1530C12DE054}.Debug|Any CPU.Build.0 = Debug|Any CPU
		{9357A946-5829-4C0F-BA7E-1530C12DE054}.Release|Any CPU.ActiveCfg = Release|Any CPU
		{9357A946-5829-4C0F-BA7E-1530C12DE054}.Release|Any CPU.Build.0 = Release|Any CPU
	EndGlobalSection
	GlobalSection(SolutionProperties) = preSolution
		HideSolutionNode = FALSE
	EndGlobalSection
	GlobalSection(ExtensibilityGlobals) = postSolution
		SolutionGuid = {121E6863-84C2-415E-9DE2-97CC449ACC2E}
	EndGlobalSection
EndGlobal
